// !$*UTF8*$!
{
	archiveVersion = 1;
	classes = {
	};
	objectVersion = 50;
	objects = {

/* Begin PBXBuildFile section */
		652267C1259F9A4900D954E9 /* WidgetKit.framework in Frameworks */ = {isa = PBXBuildFile; fileRef = 652267C0259F9A4900D954E9 /* WidgetKit.framework */; };
		652267C3259F9A4900D954E9 /* SwiftUI.framework in Frameworks */ = {isa = PBXBuildFile; fileRef = 652267C2259F9A4900D954E9 /* SwiftUI.framework */; };
		652267C6259F9A4900D954E9 /* XYZTodosWidget.swift in Sources */ = {isa = PBXBuildFile; fileRef = 652267C5259F9A4900D954E9 /* XYZTodosWidget.swift */; };
		652267C8259F9A4A00D954E9 /* Assets.xcassets in Resources */ = {isa = PBXBuildFile; fileRef = 652267C7259F9A4A00D954E9 /* Assets.xcassets */; };
		652267CC259F9A4A00D954E9 /* XYZTodosWidgetExtension.appex in Embed App Extensions */ = {isa = PBXBuildFile; fileRef = 652267BE259F9A4900D954E9 /* XYZTodosWidgetExtension.appex */; settings = {ATTRIBUTES = (RemoveHeadersOnCopy, ); }; };
		652267D9259F9A7C00D954E9 /* XYZUtility.swift in Sources */ = {isa = PBXBuildFile; fileRef = 65F06B54254B32EC00DB3E16 /* XYZUtility.swift */; };
		652267EC259F9DDA00D954E9 /* XYZTodos.xcdatamodeld in Sources */ = {isa = PBXBuildFile; fileRef = 65A1E2132548DE7900C92101 /* XYZTodos.xcdatamodeld */; };
		652267F1259F9DDD00D954E9 /* XYZTodo.swift in Sources */ = {isa = PBXBuildFile; fileRef = 65F06C1F254E365800DB3E16 /* XYZTodo.swift */; };
		652267F6259F9DDF00D954E9 /* XYZGlobal.swift in Sources */ = {isa = PBXBuildFile; fileRef = 653C7ED1254EFCAF0063A368 /* XYZGlobal.swift */; };
		652267FF259FDA7300D954E9 /* Localizable.strings in Resources */ = {isa = PBXBuildFile; fileRef = 65F06B76254B45C500DB3E16 /* Localizable.strings */; };
		652301FC257C5D8F0007D894 /* InfoPlist.strings in Resources */ = {isa = PBXBuildFile; fileRef = 652301FE257C5D8F0007D894 /* InfoPlist.strings */; };
		6523022A2587F2880007D894 /* XYZTodoDetailTimeTableViewCell.swift in Sources */ = {isa = PBXBuildFile; fileRef = 652302292587F2880007D894 /* XYZTodoDetailTimeTableViewCell.swift */; };
		65280F8A25A4BCF70071CE1D /* XYZCoreData.swift in Sources */ = {isa = PBXBuildFile; fileRef = 65280F8925A4BCF70071CE1D /* XYZCoreData.swift */; };
		65280F8D25A4BD0D0071CE1D /* XYZCoreData.swift in Sources */ = {isa = PBXBuildFile; fileRef = 65280F8925A4BCF70071CE1D /* XYZCoreData.swift */; };
		65383FF825A52995009F1616 /* XYZCloudKit.swift in Sources */ = {isa = PBXBuildFile; fileRef = 65383FF725A52995009F1616 /* XYZCloudKit.swift */; };
		653B9F91254A1CCE00E1C3D0 /* XYZMoreTableViewCell.swift in Sources */ = {isa = PBXBuildFile; fileRef = 653B9F90254A1CCE00E1C3D0 /* XYZMoreTableViewCell.swift */; };
		653B9F96254A3A9200E1C3D0 /* XYZMoreAboutTableViewController.swift in Sources */ = {isa = PBXBuildFile; fileRef = 653B9F95254A3A9200E1C3D0 /* XYZMoreAboutTableViewController.swift */; };
		653B9FA3254A414500E1C3D0 /* XYZMoreAboutTableViewCell.swift in Sources */ = {isa = PBXBuildFile; fileRef = 653B9FA2254A414500E1C3D0 /* XYZMoreAboutTableViewCell.swift */; };
		653C7ED2254EFCAF0063A368 /* XYZGlobal.swift in Sources */ = {isa = PBXBuildFile; fileRef = 653C7ED1254EFCAF0063A368 /* XYZGlobal.swift */; };
		654CB98225A75F9000F2A704 /* CloudKit.framework in Frameworks */ = {isa = PBXBuildFile; fileRef = 654CB98125A75F9000F2A704 /* CloudKit.framework */; };
		65A1E20B2548DE7900C92101 /* AppDelegate.swift in Sources */ = {isa = PBXBuildFile; fileRef = 65A1E20A2548DE7900C92101 /* AppDelegate.swift */; };
		65A1E20D2548DE7900C92101 /* SceneDelegate.swift in Sources */ = {isa = PBXBuildFile; fileRef = 65A1E20C2548DE7900C92101 /* SceneDelegate.swift */; };
		65A1E2122548DE7900C92101 /* Main.storyboard in Resources */ = {isa = PBXBuildFile; fileRef = 65A1E2102548DE7900C92101 /* Main.storyboard */; };
		65A1E2152548DE7900C92101 /* XYZTodos.xcdatamodeld in Sources */ = {isa = PBXBuildFile; fileRef = 65A1E2132548DE7900C92101 /* XYZTodos.xcdatamodeld */; };
		65A1E2172548DE7B00C92101 /* Assets.xcassets in Resources */ = {isa = PBXBuildFile; fileRef = 65A1E2162548DE7B00C92101 /* Assets.xcassets */; };
		65A1E21A2548DE7B00C92101 /* LaunchScreen.storyboard in Resources */ = {isa = PBXBuildFile; fileRef = 65A1E2182548DE7B00C92101 /* LaunchScreen.storyboard */; };
		65A1E2612549FB6A00C92101 /* XYZUIUtility.swift in Sources */ = {isa = PBXBuildFile; fileRef = 65A1E2602549FB6A00C92101 /* XYZUIUtility.swift */; };
		65A1E2692549FCA200C92101 /* XYZMoreTableViewController.swift in Sources */ = {isa = PBXBuildFile; fileRef = 65A1E2682549FCA200C92101 /* XYZMoreTableViewController.swift */; };
		65DAB7FD258D08C000562133 /* XYZTodoPreviewViewController.swift in Sources */ = {isa = PBXBuildFile; fileRef = 65DAB7FC258D08C000562133 /* XYZTodoPreviewViewController.swift */; };
		65F06B55254B32EC00DB3E16 /* XYZUtility.swift in Sources */ = {isa = PBXBuildFile; fileRef = 65F06B54254B32EC00DB3E16 /* XYZUtility.swift */; };
		65F06B74254B45C500DB3E16 /* Localizable.strings in Resources */ = {isa = PBXBuildFile; fileRef = 65F06B76254B45C500DB3E16 /* Localizable.strings */; };
		65F06B82254B5E8B00DB3E16 /* XYZTodoTableViewController.swift in Sources */ = {isa = PBXBuildFile; fileRef = 65F06B81254B5E8B00DB3E16 /* XYZTodoTableViewController.swift */; };
		65F06B8A254B5EB200DB3E16 /* XYZTodoTableViewCell.swift in Sources */ = {isa = PBXBuildFile; fileRef = 65F06B89254B5EB200DB3E16 /* XYZTodoTableViewCell.swift */; };
		65F06B95254B9AA300DB3E16 /* XYZTodoItemTableViewCell.swift in Sources */ = {isa = PBXBuildFile; fileRef = 65F06B94254B9AA300DB3E16 /* XYZTodoItemTableViewCell.swift */; };
		65F06BAF254CC24A00DB3E16 /* XYZTodoDetailTableViewController.swift in Sources */ = {isa = PBXBuildFile; fileRef = 65F06BAE254CC24A00DB3E16 /* XYZTodoDetailTableViewController.swift */; };
		65F06BB7254CD45500DB3E16 /* XYZTextViewTableViewCell.swift in Sources */ = {isa = PBXBuildFile; fileRef = 65F06BB6254CD45500DB3E16 /* XYZTextViewTableViewCell.swift */; };
		65F06BBF254CD59D00DB3E16 /* XYZUITextView.swift in Sources */ = {isa = PBXBuildFile; fileRef = 65F06BBE254CD59D00DB3E16 /* XYZUITextView.swift */; };
		65F06BDF254CE72600DB3E16 /* XYZSelectionTableViewCell.swift in Sources */ = {isa = PBXBuildFile; fileRef = 65F06BDE254CE72600DB3E16 /* XYZSelectionTableViewCell.swift */; };
		65F06BE7254CEC1F00DB3E16 /* XYZSelectionItemTableViewCell.swift in Sources */ = {isa = PBXBuildFile; fileRef = 65F06BE6254CEC1F00DB3E16 /* XYZSelectionItemTableViewCell.swift */; };
		65F06BEF254CECEB00DB3E16 /* XYZSelectionTableViewController.swift in Sources */ = {isa = PBXBuildFile; fileRef = 65F06BEE254CECEB00DB3E16 /* XYZSelectionTableViewController.swift */; };
		65F06C20254E365800DB3E16 /* XYZTodo.swift in Sources */ = {isa = PBXBuildFile; fileRef = 65F06C1F254E365800DB3E16 /* XYZTodo.swift */; };
/* End PBXBuildFile section */

/* Begin PBXContainerItemProxy section */
		652267CA259F9A4A00D954E9 /* PBXContainerItemProxy */ = {
			isa = PBXContainerItemProxy;
			containerPortal = 65A1E1FF2548DE7900C92101 /* Project object */;
			proxyType = 1;
			remoteGlobalIDString = 652267BD259F9A4900D954E9;
			remoteInfo = XYZTodosWidgetExtension;
		};
/* End PBXContainerItemProxy section */

/* Begin PBXCopyFilesBuildPhase section */
		652267D0259F9A4A00D954E9 /* Embed App Extensions */ = {
			isa = PBXCopyFilesBuildPhase;
			buildActionMask = 2147483647;
			dstPath = "";
			dstSubfolderSpec = 13;
			files = (
				652267CC259F9A4A00D954E9 /* XYZTodosWidgetExtension.appex in Embed App Extensions */,
			);
			name = "Embed App Extensions";
			runOnlyForDeploymentPostprocessing = 0;
		};
/* End PBXCopyFilesBuildPhase section */

/* Begin PBXFileReference section */
		652267B6259F984500D954E9 /* XYZTodos.entitlements */ = {isa = PBXFileReference; lastKnownFileType = text.plist.entitlements; path = XYZTodos.entitlements; sourceTree = "<group>"; };
		652267BE259F9A4900D954E9 /* XYZTodosWidgetExtension.appex */ = {isa = PBXFileReference; explicitFileType = "wrapper.app-extension"; includeInIndex = 0; path = XYZTodosWidgetExtension.appex; sourceTree = BUILT_PRODUCTS_DIR; };
		652267C0259F9A4900D954E9 /* WidgetKit.framework */ = {isa = PBXFileReference; lastKnownFileType = wrapper.framework; name = WidgetKit.framework; path = System/Library/Frameworks/WidgetKit.framework; sourceTree = SDKROOT; };
		652267C2259F9A4900D954E9 /* SwiftUI.framework */ = {isa = PBXFileReference; lastKnownFileType = wrapper.framework; name = SwiftUI.framework; path = System/Library/Frameworks/SwiftUI.framework; sourceTree = SDKROOT; };
		652267C5259F9A4900D954E9 /* XYZTodosWidget.swift */ = {isa = PBXFileReference; lastKnownFileType = sourcecode.swift; path = XYZTodosWidget.swift; sourceTree = "<group>"; };
		652267C7259F9A4A00D954E9 /* Assets.xcassets */ = {isa = PBXFileReference; lastKnownFileType = folder.assetcatalog; path = Assets.xcassets; sourceTree = "<group>"; };
		652267C9259F9A4A00D954E9 /* Info.plist */ = {isa = PBXFileReference; lastKnownFileType = text.plist.xml; path = Info.plist; sourceTree = "<group>"; };
		652267DE259F9ABF00D954E9 /* XYZTodosWidgetExtension.entitlements */ = {isa = PBXFileReference; lastKnownFileType = text.plist.entitlements; path = XYZTodosWidgetExtension.entitlements; sourceTree = "<group>"; };
		652301FD257C5D8F0007D894 /* zh-Hans */ = {isa = PBXFileReference; lastKnownFileType = text.plist.strings; name = "zh-Hans"; path = "zh-Hans.lproj/InfoPlist.strings"; sourceTree = "<group>"; };
		652301FF257C5D940007D894 /* fr */ = {isa = PBXFileReference; lastKnownFileType = text.plist.strings; name = fr; path = fr.lproj/InfoPlist.strings; sourceTree = "<group>"; };
		65230200257C5D950007D894 /* ja */ = {isa = PBXFileReference; lastKnownFileType = text.plist.strings; name = ja; path = ja.lproj/InfoPlist.strings; sourceTree = "<group>"; };
		65230201257C5D960007D894 /* ko */ = {isa = PBXFileReference; lastKnownFileType = text.plist.strings; name = ko; path = ko.lproj/InfoPlist.strings; sourceTree = "<group>"; };
		65230202257C5D980007D894 /* es-419 */ = {isa = PBXFileReference; lastKnownFileType = text.plist.strings; name = "es-419"; path = "es-419.lproj/InfoPlist.strings"; sourceTree = "<group>"; };
		65230206257C5F1B0007D894 /* en */ = {isa = PBXFileReference; lastKnownFileType = text.plist.strings; name = en; path = en.lproj/InfoPlist.strings; sourceTree = "<group>"; };
		652302292587F2880007D894 /* XYZTodoDetailTimeTableViewCell.swift */ = {isa = PBXFileReference; lastKnownFileType = sourcecode.swift; path = XYZTodoDetailTimeTableViewCell.swift; sourceTree = "<group>"; };
		65280F8925A4BCF70071CE1D /* XYZCoreData.swift */ = {isa = PBXFileReference; lastKnownFileType = sourcecode.swift; path = XYZCoreData.swift; sourceTree = "<group>"; };
		65383FF725A52995009F1616 /* XYZCloudKit.swift */ = {isa = PBXFileReference; lastKnownFileType = sourcecode.swift; path = XYZCloudKit.swift; sourceTree = "<group>"; };
		653B9F90254A1CCE00E1C3D0 /* XYZMoreTableViewCell.swift */ = {isa = PBXFileReference; lastKnownFileType = sourcecode.swift; path = XYZMoreTableViewCell.swift; sourceTree = "<group>"; };
		653B9F95254A3A9200E1C3D0 /* XYZMoreAboutTableViewController.swift */ = {isa = PBXFileReference; lastKnownFileType = sourcecode.swift; path = XYZMoreAboutTableViewController.swift; sourceTree = "<group>"; };
		653B9FA2254A414500E1C3D0 /* XYZMoreAboutTableViewCell.swift */ = {isa = PBXFileReference; lastKnownFileType = sourcecode.swift; path = XYZMoreAboutTableViewCell.swift; sourceTree = "<group>"; };
		653C7ED1254EFCAF0063A368 /* XYZGlobal.swift */ = {isa = PBXFileReference; lastKnownFileType = sourcecode.swift; path = XYZGlobal.swift; sourceTree = "<group>"; };
		654CB98125A75F9000F2A704 /* CloudKit.framework */ = {isa = PBXFileReference; lastKnownFileType = wrapper.framework; name = CloudKit.framework; path = System/Library/Frameworks/CloudKit.framework; sourceTree = SDKROOT; };
		65A1E2072548DE7900C92101 /* XYZTodos.app */ = {isa = PBXFileReference; explicitFileType = wrapper.application; includeInIndex = 0; path = XYZTodos.app; sourceTree = BUILT_PRODUCTS_DIR; };
		65A1E20A2548DE7900C92101 /* AppDelegate.swift */ = {isa = PBXFileReference; lastKnownFileType = sourcecode.swift; path = AppDelegate.swift; sourceTree = "<group>"; };
		65A1E20C2548DE7900C92101 /* SceneDelegate.swift */ = {isa = PBXFileReference; lastKnownFileType = sourcecode.swift; path = SceneDelegate.swift; sourceTree = "<group>"; };
		65A1E2112548DE7900C92101 /* Base */ = {isa = PBXFileReference; lastKnownFileType = file.storyboard; name = Base; path = Base.lproj/Main.storyboard; sourceTree = "<group>"; };
		65A1E2142548DE7900C92101 /* XYZTodos.xcdatamodel */ = {isa = PBXFileReference; lastKnownFileType = wrapper.xcdatamodel; path = XYZTodos.xcdatamodel; sourceTree = "<group>"; };
		65A1E2162548DE7B00C92101 /* Assets.xcassets */ = {isa = PBXFileReference; lastKnownFileType = folder.assetcatalog; path = Assets.xcassets; sourceTree = "<group>"; };
		65A1E2192548DE7B00C92101 /* Base */ = {isa = PBXFileReference; lastKnownFileType = file.storyboard; name = Base; path = Base.lproj/LaunchScreen.storyboard; sourceTree = "<group>"; };
		65A1E21B2548DE7B00C92101 /* Info.plist */ = {isa = PBXFileReference; lastKnownFileType = text.plist.xml; path = Info.plist; sourceTree = "<group>"; };
		65A1E2602549FB6A00C92101 /* XYZUIUtility.swift */ = {isa = PBXFileReference; lastKnownFileType = sourcecode.swift; path = XYZUIUtility.swift; sourceTree = "<group>"; };
		65A1E2682549FCA200C92101 /* XYZMoreTableViewController.swift */ = {isa = PBXFileReference; lastKnownFileType = sourcecode.swift; path = XYZMoreTableViewController.swift; sourceTree = "<group>"; };
		65CE99042555806600A2A0F1 /* zh-Hans */ = {isa = PBXFileReference; lastKnownFileType = text.plist.strings; name = "zh-Hans"; path = "zh-Hans.lproj/Main.strings"; sourceTree = "<group>"; };
		65CE99052555808900A2A0F1 /* fr */ = {isa = PBXFileReference; lastKnownFileType = text.plist.strings; name = fr; path = fr.lproj/LaunchScreen.strings; sourceTree = "<group>"; };
		65CE99062555808900A2A0F1 /* fr */ = {isa = PBXFileReference; lastKnownFileType = text.plist.strings; name = fr; path = fr.lproj/Main.strings; sourceTree = "<group>"; };
		65CE99072555808900A2A0F1 /* fr */ = {isa = PBXFileReference; lastKnownFileType = text.plist.strings; name = fr; path = fr.lproj/Localizable.strings; sourceTree = "<group>"; };
		65CE99082555808F00A2A0F1 /* ja */ = {isa = PBXFileReference; lastKnownFileType = text.plist.strings; name = ja; path = ja.lproj/LaunchScreen.strings; sourceTree = "<group>"; };
		65CE99092555808F00A2A0F1 /* ja */ = {isa = PBXFileReference; lastKnownFileType = text.plist.strings; name = ja; path = ja.lproj/Main.strings; sourceTree = "<group>"; };
		65CE990A2555808F00A2A0F1 /* ja */ = {isa = PBXFileReference; lastKnownFileType = text.plist.strings; name = ja; path = ja.lproj/Localizable.strings; sourceTree = "<group>"; };
		65CE990B2555809D00A2A0F1 /* es-419 */ = {isa = PBXFileReference; lastKnownFileType = text.plist.strings; name = "es-419"; path = "es-419.lproj/LaunchScreen.strings"; sourceTree = "<group>"; };
		65CE990C2555809D00A2A0F1 /* es-419 */ = {isa = PBXFileReference; lastKnownFileType = text.plist.strings; name = "es-419"; path = "es-419.lproj/Main.strings"; sourceTree = "<group>"; };
		65CE990D2555809D00A2A0F1 /* es-419 */ = {isa = PBXFileReference; lastKnownFileType = text.plist.strings; name = "es-419"; path = "es-419.lproj/Localizable.strings"; sourceTree = "<group>"; };
		65CE990E255580A600A2A0F1 /* ko */ = {isa = PBXFileReference; lastKnownFileType = text.plist.strings; name = ko; path = ko.lproj/LaunchScreen.strings; sourceTree = "<group>"; };
		65CE990F255580A600A2A0F1 /* ko */ = {isa = PBXFileReference; lastKnownFileType = text.plist.strings; name = ko; path = ko.lproj/Main.strings; sourceTree = "<group>"; };
		65CE9910255580A600A2A0F1 /* ko */ = {isa = PBXFileReference; lastKnownFileType = text.plist.strings; name = ko; path = ko.lproj/Localizable.strings; sourceTree = "<group>"; };
		65DAB7FC258D08C000562133 /* XYZTodoPreviewViewController.swift */ = {isa = PBXFileReference; lastKnownFileType = sourcecode.swift; path = XYZTodoPreviewViewController.swift; sourceTree = "<group>"; };
		65F06B54254B32EC00DB3E16 /* XYZUtility.swift */ = {isa = PBXFileReference; lastKnownFileType = sourcecode.swift; path = XYZUtility.swift; sourceTree = "<group>"; };
		65F06B75254B45C500DB3E16 /* en */ = {isa = PBXFileReference; lastKnownFileType = text.plist.strings; name = en; path = en.lproj/Localizable.strings; sourceTree = "<group>"; };
		65F06B7A254B45D900DB3E16 /* zh-Hans */ = {isa = PBXFileReference; lastKnownFileType = text.plist.strings; name = "zh-Hans"; path = "zh-Hans.lproj/LaunchScreen.strings"; sourceTree = "<group>"; };
		65F06B7C254B45D900DB3E16 /* zh-Hans */ = {isa = PBXFileReference; lastKnownFileType = text.plist.strings; name = "zh-Hans"; path = "zh-Hans.lproj/Localizable.strings"; sourceTree = "<group>"; };
		65F06B81254B5E8B00DB3E16 /* XYZTodoTableViewController.swift */ = {isa = PBXFileReference; lastKnownFileType = sourcecode.swift; path = XYZTodoTableViewController.swift; sourceTree = "<group>"; };
		65F06B89254B5EB200DB3E16 /* XYZTodoTableViewCell.swift */ = {isa = PBXFileReference; lastKnownFileType = sourcecode.swift; path = XYZTodoTableViewCell.swift; sourceTree = "<group>"; };
		65F06B94254B9AA300DB3E16 /* XYZTodoItemTableViewCell.swift */ = {isa = PBXFileReference; lastKnownFileType = sourcecode.swift; path = XYZTodoItemTableViewCell.swift; sourceTree = "<group>"; };
		65F06BAE254CC24A00DB3E16 /* XYZTodoDetailTableViewController.swift */ = {isa = PBXFileReference; lastKnownFileType = sourcecode.swift; path = XYZTodoDetailTableViewController.swift; sourceTree = "<group>"; };
		65F06BB6254CD45500DB3E16 /* XYZTextViewTableViewCell.swift */ = {isa = PBXFileReference; lastKnownFileType = sourcecode.swift; path = XYZTextViewTableViewCell.swift; sourceTree = "<group>"; };
		65F06BBE254CD59D00DB3E16 /* XYZUITextView.swift */ = {isa = PBXFileReference; lastKnownFileType = sourcecode.swift; path = XYZUITextView.swift; sourceTree = "<group>"; };
		65F06BDE254CE72600DB3E16 /* XYZSelectionTableViewCell.swift */ = {isa = PBXFileReference; lastKnownFileType = sourcecode.swift; path = XYZSelectionTableViewCell.swift; sourceTree = "<group>"; };
		65F06BE6254CEC1F00DB3E16 /* XYZSelectionItemTableViewCell.swift */ = {isa = PBXFileReference; lastKnownFileType = sourcecode.swift; path = XYZSelectionItemTableViewCell.swift; sourceTree = "<group>"; };
		65F06BEE254CECEB00DB3E16 /* XYZSelectionTableViewController.swift */ = {isa = PBXFileReference; lastKnownFileType = sourcecode.swift; path = XYZSelectionTableViewController.swift; sourceTree = "<group>"; };
		65F06C1F254E365800DB3E16 /* XYZTodo.swift */ = {isa = PBXFileReference; lastKnownFileType = sourcecode.swift; path = XYZTodo.swift; sourceTree = "<group>"; };
/* End PBXFileReference section */

/* Begin PBXFrameworksBuildPhase section */
		652267BB259F9A4900D954E9 /* Frameworks */ = {
			isa = PBXFrameworksBuildPhase;
			buildActionMask = 2147483647;
			files = (
				652267C3259F9A4900D954E9 /* SwiftUI.framework in Frameworks */,
				652267C1259F9A4900D954E9 /* WidgetKit.framework in Frameworks */,
			);
			runOnlyForDeploymentPostprocessing = 0;
		};
		65A1E2042548DE7900C92101 /* Frameworks */ = {
			isa = PBXFrameworksBuildPhase;
			buildActionMask = 2147483647;
			files = (
				654CB98225A75F9000F2A704 /* CloudKit.framework in Frameworks */,
			);
			runOnlyForDeploymentPostprocessing = 0;
		};
/* End PBXFrameworksBuildPhase section */

/* Begin PBXGroup section */
		652267BF259F9A4900D954E9 /* Frameworks */ = {
			isa = PBXGroup;
			children = (
				654CB98125A75F9000F2A704 /* CloudKit.framework */,
				652267C0259F9A4900D954E9 /* WidgetKit.framework */,
				652267C2259F9A4900D954E9 /* SwiftUI.framework */,
			);
			name = Frameworks;
			sourceTree = "<group>";
		};
		652267C4259F9A4900D954E9 /* XYZTodosWidget */ = {
			isa = PBXGroup;
			children = (
				652267C5259F9A4900D954E9 /* XYZTodosWidget.swift */,
				652267C7259F9A4A00D954E9 /* Assets.xcassets */,
				652267C9259F9A4A00D954E9 /* Info.plist */,
			);
			path = XYZTodosWidget;
			sourceTree = "<group>";
		};
		654CB97425A6AEF600F2A704 /* View */ = {
			isa = PBXGroup;
			children = (
				65F06B81254B5E8B00DB3E16 /* XYZTodoTableViewController.swift */,
				65F06B94254B9AA300DB3E16 /* XYZTodoItemTableViewCell.swift */,
				65DAB7FC258D08C000562133 /* XYZTodoPreviewViewController.swift */,
				65F06B89254B5EB200DB3E16 /* XYZTodoTableViewCell.swift */,
				65F06BAE254CC24A00DB3E16 /* XYZTodoDetailTableViewController.swift */,
				652302292587F2880007D894 /* XYZTodoDetailTimeTableViewCell.swift */,
				65A1E2682549FCA200C92101 /* XYZMoreTableViewController.swift */,
				653B9F90254A1CCE00E1C3D0 /* XYZMoreTableViewCell.swift */,
				653B9F95254A3A9200E1C3D0 /* XYZMoreAboutTableViewController.swift */,
				653B9FA2254A414500E1C3D0 /* XYZMoreAboutTableViewCell.swift */,
				65F06BDE254CE72600DB3E16 /* XYZSelectionTableViewCell.swift */,
				65F06BEE254CECEB00DB3E16 /* XYZSelectionTableViewController.swift */,
				65F06BE6254CEC1F00DB3E16 /* XYZSelectionItemTableViewCell.swift */,
				65F06BB6254CD45500DB3E16 /* XYZTextViewTableViewCell.swift */,
				65F06BBE254CD59D00DB3E16 /* XYZUITextView.swift */,
			);
			path = View;
			sourceTree = "<group>";
		};
		65A1E1FE2548DE7900C92101 = {
			isa = PBXGroup;
			children = (
				652267DE259F9ABF00D954E9 /* XYZTodosWidgetExtension.entitlements */,
				65A1E2092548DE7900C92101 /* XYZTodos */,
				652267C4259F9A4900D954E9 /* XYZTodosWidget */,
				652267BF259F9A4900D954E9 /* Frameworks */,
				65A1E2082548DE7900C92101 /* Products */,
			);
			sourceTree = "<group>";
		};
		65A1E2082548DE7900C92101 /* Products */ = {
			isa = PBXGroup;
			children = (
				65A1E2072548DE7900C92101 /* XYZTodos.app */,
				652267BE259F9A4900D954E9 /* XYZTodosWidgetExtension.appex */,
			);
			name = Products;
			sourceTree = "<group>";
		};
		65A1E2092548DE7900C92101 /* XYZTodos */ = {
			isa = PBXGroup;
			children = (
				652267B6259F984500D954E9 /* XYZTodos.entitlements */,
				65A1E24F25490BB900C92101 /* Model */,
				654CB97425A6AEF600F2A704 /* View */,
				65A1E20A2548DE7900C92101 /* AppDelegate.swift */,
				65A1E20C2548DE7900C92101 /* SceneDelegate.swift */,
				65A1E2602549FB6A00C92101 /* XYZUIUtility.swift */,
				65F06B54254B32EC00DB3E16 /* XYZUtility.swift */,
				65280F8925A4BCF70071CE1D /* XYZCoreData.swift */,
				65383FF725A52995009F1616 /* XYZCloudKit.swift */,
				65A1E2162548DE7B00C92101 /* Assets.xcassets */,
				65A1E21B2548DE7B00C92101 /* Info.plist */,
				652301FE257C5D8F0007D894 /* InfoPlist.strings */,
				65F06B76254B45C500DB3E16 /* Localizable.strings */,
				65A1E2182548DE7B00C92101 /* LaunchScreen.storyboard */,
				65A1E2102548DE7900C92101 /* Main.storyboard */,
			);
			path = XYZTodos;
			sourceTree = "<group>";
		};
		65A1E24F25490BB900C92101 /* Model */ = {
			isa = PBXGroup;
			children = (
				65A1E2132548DE7900C92101 /* XYZTodos.xcdatamodeld */,
				65F06C1F254E365800DB3E16 /* XYZTodo.swift */,
				653C7ED1254EFCAF0063A368 /* XYZGlobal.swift */,
			);
			path = Model;
			sourceTree = "<group>";
		};
/* End PBXGroup section */

/* Begin PBXNativeTarget section */
		652267BD259F9A4900D954E9 /* XYZTodosWidgetExtension */ = {
			isa = PBXNativeTarget;
			buildConfigurationList = 652267CD259F9A4A00D954E9 /* Build configuration list for PBXNativeTarget "XYZTodosWidgetExtension" */;
			buildPhases = (
				652267BA259F9A4900D954E9 /* Sources */,
				652267BB259F9A4900D954E9 /* Frameworks */,
				652267BC259F9A4900D954E9 /* Resources */,
			);
			buildRules = (
			);
			dependencies = (
			);
			name = XYZTodosWidgetExtension;
			productName = XYZTodosWidgetExtension;
			productReference = 652267BE259F9A4900D954E9 /* XYZTodosWidgetExtension.appex */;
			productType = "com.apple.product-type.app-extension";
		};
		65A1E2062548DE7900C92101 /* XYZTodos */ = {
			isa = PBXNativeTarget;
			buildConfigurationList = 65A1E2342548DE7B00C92101 /* Build configuration list for PBXNativeTarget "XYZTodos" */;
			buildPhases = (
				65A1E2032548DE7900C92101 /* Sources */,
				65A1E2042548DE7900C92101 /* Frameworks */,
				65A1E2052548DE7900C92101 /* Resources */,
				652267D0259F9A4A00D954E9 /* Embed App Extensions */,
			);
			buildRules = (
			);
			dependencies = (
				652267CB259F9A4A00D954E9 /* PBXTargetDependency */,
			);
			name = XYZTodos;
			productName = XYZTodos;
			productReference = 65A1E2072548DE7900C92101 /* XYZTodos.app */;
			productType = "com.apple.product-type.application";
		};
/* End PBXNativeTarget section */

/* Begin PBXProject section */
		65A1E1FF2548DE7900C92101 /* Project object */ = {
			isa = PBXProject;
			attributes = {
				LastSwiftUpdateCheck = 1230;
				LastUpgradeCheck = 1210;
				TargetAttributes = {
					652267BD259F9A4900D954E9 = {
						CreatedOnToolsVersion = 12.3;
					};
					65A1E2062548DE7900C92101 = {
						CreatedOnToolsVersion = 12.1;
					};
				};
			};
			buildConfigurationList = 65A1E2022548DE7900C92101 /* Build configuration list for PBXProject "XYZTodos" */;
			compatibilityVersion = "Xcode 9.3";
			developmentRegion = en;
			hasScannedForEncodings = 0;
			knownRegions = (
				en,
				Base,
				"zh-Hans",
				fr,
				ja,
				"es-419",
				ko,
			);
			mainGroup = 65A1E1FE2548DE7900C92101;
			productRefGroup = 65A1E2082548DE7900C92101 /* Products */;
			projectDirPath = "";
			projectRoot = "";
			targets = (
				65A1E2062548DE7900C92101 /* XYZTodos */,
				652267BD259F9A4900D954E9 /* XYZTodosWidgetExtension */,
			);
		};
/* End PBXProject section */

/* Begin PBXResourcesBuildPhase section */
		652267BC259F9A4900D954E9 /* Resources */ = {
			isa = PBXResourcesBuildPhase;
			buildActionMask = 2147483647;
			files = (
				652267C8259F9A4A00D954E9 /* Assets.xcassets in Resources */,
				652267FF259FDA7300D954E9 /* Localizable.strings in Resources */,
			);
			runOnlyForDeploymentPostprocessing = 0;
		};
		65A1E2052548DE7900C92101 /* Resources */ = {
			isa = PBXResourcesBuildPhase;
			buildActionMask = 2147483647;
			files = (
				65A1E21A2548DE7B00C92101 /* LaunchScreen.storyboard in Resources */,
				65F06B74254B45C500DB3E16 /* Localizable.strings in Resources */,
				65A1E2172548DE7B00C92101 /* Assets.xcassets in Resources */,
				65A1E2122548DE7900C92101 /* Main.storyboard in Resources */,
				652301FC257C5D8F0007D894 /* InfoPlist.strings in Resources */,
			);
			runOnlyForDeploymentPostprocessing = 0;
		};
/* End PBXResourcesBuildPhase section */

/* Begin PBXSourcesBuildPhase section */
		652267BA259F9A4900D954E9 /* Sources */ = {
			isa = PBXSourcesBuildPhase;
			buildActionMask = 2147483647;
			files = (
				652267F6259F9DDF00D954E9 /* XYZGlobal.swift in Sources */,
				652267D9259F9A7C00D954E9 /* XYZUtility.swift in Sources */,
				652267F1259F9DDD00D954E9 /* XYZTodo.swift in Sources */,
				652267EC259F9DDA00D954E9 /* XYZTodos.xcdatamodeld in Sources */,
				65280F8D25A4BD0D0071CE1D /* XYZCoreData.swift in Sources */,
				652267C6259F9A4900D954E9 /* XYZTodosWidget.swift in Sources */,
			);
			runOnlyForDeploymentPostprocessing = 0;
		};
		65A1E2032548DE7900C92101 /* Sources */ = {
			isa = PBXSourcesBuildPhase;
			buildActionMask = 2147483647;
			files = (
				65DAB7FD258D08C000562133 /* XYZTodoPreviewViewController.swift in Sources */,
				653B9F96254A3A9200E1C3D0 /* XYZMoreAboutTableViewController.swift in Sources */,
				65F06B8A254B5EB200DB3E16 /* XYZTodoTableViewCell.swift in Sources */,
				65F06BB7254CD45500DB3E16 /* XYZTextViewTableViewCell.swift in Sources */,
				6523022A2587F2880007D894 /* XYZTodoDetailTimeTableViewCell.swift in Sources */,
				65F06B55254B32EC00DB3E16 /* XYZUtility.swift in Sources */,
				65F06B82254B5E8B00DB3E16 /* XYZTodoTableViewController.swift in Sources */,
				65A1E2152548DE7900C92101 /* XYZTodos.xcdatamodeld in Sources */,
				65280F8A25A4BCF70071CE1D /* XYZCoreData.swift in Sources */,
				65F06BBF254CD59D00DB3E16 /* XYZUITextView.swift in Sources */,
				65F06BDF254CE72600DB3E16 /* XYZSelectionTableViewCell.swift in Sources */,
				653C7ED2254EFCAF0063A368 /* XYZGlobal.swift in Sources */,
				65F06BE7254CEC1F00DB3E16 /* XYZSelectionItemTableViewCell.swift in Sources */,
				65A1E2692549FCA200C92101 /* XYZMoreTableViewController.swift in Sources */,
				65A1E20B2548DE7900C92101 /* AppDelegate.swift in Sources */,
				65F06BEF254CECEB00DB3E16 /* XYZSelectionTableViewController.swift in Sources */,
				65F06BAF254CC24A00DB3E16 /* XYZTodoDetailTableViewController.swift in Sources */,
				65A1E20D2548DE7900C92101 /* SceneDelegate.swift in Sources */,
				65A1E2612549FB6A00C92101 /* XYZUIUtility.swift in Sources */,
				65F06B95254B9AA300DB3E16 /* XYZTodoItemTableViewCell.swift in Sources */,
				653B9F91254A1CCE00E1C3D0 /* XYZMoreTableViewCell.swift in Sources */,
				65F06C20254E365800DB3E16 /* XYZTodo.swift in Sources */,
				65383FF825A52995009F1616 /* XYZCloudKit.swift in Sources */,
				653B9FA3254A414500E1C3D0 /* XYZMoreAboutTableViewCell.swift in Sources */,
			);
			runOnlyForDeploymentPostprocessing = 0;
		};
/* End PBXSourcesBuildPhase section */

/* Begin PBXTargetDependency section */
		652267CB259F9A4A00D954E9 /* PBXTargetDependency */ = {
			isa = PBXTargetDependency;
			target = 652267BD259F9A4900D954E9 /* XYZTodosWidgetExtension */;
			targetProxy = 652267CA259F9A4A00D954E9 /* PBXContainerItemProxy */;
		};
/* End PBXTargetDependency section */

/* Begin PBXVariantGroup section */
		652301FE257C5D8F0007D894 /* InfoPlist.strings */ = {
			isa = PBXVariantGroup;
			children = (
				652301FD257C5D8F0007D894 /* zh-Hans */,
				652301FF257C5D940007D894 /* fr */,
				65230200257C5D950007D894 /* ja */,
				65230201257C5D960007D894 /* ko */,
				65230202257C5D980007D894 /* es-419 */,
				65230206257C5F1B0007D894 /* en */,
			);
			name = InfoPlist.strings;
			sourceTree = "<group>";
		};
		65A1E2102548DE7900C92101 /* Main.storyboard */ = {
			isa = PBXVariantGroup;
			children = (
				65A1E2112548DE7900C92101 /* Base */,
				65CE99042555806600A2A0F1 /* zh-Hans */,
				65CE99062555808900A2A0F1 /* fr */,
				65CE99092555808F00A2A0F1 /* ja */,
				65CE990C2555809D00A2A0F1 /* es-419 */,
				65CE990F255580A600A2A0F1 /* ko */,
			);
			name = Main.storyboard;
			sourceTree = "<group>";
		};
		65A1E2182548DE7B00C92101 /* LaunchScreen.storyboard */ = {
			isa = PBXVariantGroup;
			children = (
				65A1E2192548DE7B00C92101 /* Base */,
				65F06B7A254B45D900DB3E16 /* zh-Hans */,
				65CE99052555808900A2A0F1 /* fr */,
				65CE99082555808F00A2A0F1 /* ja */,
				65CE990B2555809D00A2A0F1 /* es-419 */,
				65CE990E255580A600A2A0F1 /* ko */,
			);
			name = LaunchScreen.storyboard;
			sourceTree = "<group>";
		};
		65F06B76254B45C500DB3E16 /* Localizable.strings */ = {
			isa = PBXVariantGroup;
			children = (
				65F06B75254B45C500DB3E16 /* en */,
				65F06B7C254B45D900DB3E16 /* zh-Hans */,
				65CE99072555808900A2A0F1 /* fr */,
				65CE990A2555808F00A2A0F1 /* ja */,
				65CE990D2555809D00A2A0F1 /* es-419 */,
				65CE9910255580A600A2A0F1 /* ko */,
			);
			name = Localizable.strings;
			sourceTree = "<group>";
		};
/* End PBXVariantGroup section */

/* Begin XCBuildConfiguration section */
		652267CE259F9A4A00D954E9 /* Debug */ = {
			isa = XCBuildConfiguration;
			buildSettings = {
				ASSETCATALOG_COMPILER_GLOBAL_ACCENT_COLOR_NAME = AccentColor;
				ASSETCATALOG_COMPILER_WIDGET_BACKGROUND_COLOR_NAME = WidgetBackground;
				CODE_SIGN_ENTITLEMENTS = XYZTodosWidgetExtension.entitlements;
				CODE_SIGN_STYLE = Automatic;
				CURRENT_PROJECT_VERSION = 15;
				DEVELOPMENT_TEAM = BKU6P4Y9G4;
				INFOPLIST_FILE = XYZTodosWidget/Info.plist;
				IPHONEOS_DEPLOYMENT_TARGET = 14.3;
				LD_RUNPATH_SEARCH_PATHS = (
					"$(inherited)",
					"@executable_path/Frameworks",
					"@executable_path/../../Frameworks",
				);
				MARKETING_VERSION = 2.1;
				PRODUCT_BUNDLE_IDENTIFIER = com.cbHOH.XYZTodos.XYZTodosWidget;
				PRODUCT_NAME = "$(TARGET_NAME)";
				SKIP_INSTALL = YES;
				SWIFT_VERSION = 5.0;
				TARGETED_DEVICE_FAMILY = "1,2";
			};
			name = Debug;
		};
		652267CF259F9A4A00D954E9 /* Release */ = {
			isa = XCBuildConfiguration;
			buildSettings = {
				ASSETCATALOG_COMPILER_GLOBAL_ACCENT_COLOR_NAME = AccentColor;
				ASSETCATALOG_COMPILER_WIDGET_BACKGROUND_COLOR_NAME = WidgetBackground;
				CODE_SIGN_ENTITLEMENTS = XYZTodosWidgetExtension.entitlements;
				CODE_SIGN_STYLE = Automatic;
				CURRENT_PROJECT_VERSION = 15;
				DEVELOPMENT_TEAM = BKU6P4Y9G4;
				INFOPLIST_FILE = XYZTodosWidget/Info.plist;
				IPHONEOS_DEPLOYMENT_TARGET = 14.3;
				LD_RUNPATH_SEARCH_PATHS = (
					"$(inherited)",
					"@executable_path/Frameworks",
					"@executable_path/../../Frameworks",
				);
				MARKETING_VERSION = 2.1;
				PRODUCT_BUNDLE_IDENTIFIER = com.cbHOH.XYZTodos.XYZTodosWidget;
				PRODUCT_NAME = "$(TARGET_NAME)";
				SKIP_INSTALL = YES;
				SWIFT_VERSION = 5.0;
				TARGETED_DEVICE_FAMILY = "1,2";
			};
			name = Release;
		};
		65A1E2322548DE7B00C92101 /* Debug */ = {
			isa = XCBuildConfiguration;
			buildSettings = {
				ALWAYS_SEARCH_USER_PATHS = NO;
				CLANG_ANALYZER_LOCALIZABILITY_NONLOCALIZED = YES;
				CLANG_ANALYZER_NONNULL = YES;
				CLANG_ANALYZER_NUMBER_OBJECT_CONVERSION = YES_AGGRESSIVE;
				CLANG_CXX_LANGUAGE_STANDARD = "gnu++14";
				CLANG_CXX_LIBRARY = "libc++";
				CLANG_ENABLE_MODULES = YES;
				CLANG_ENABLE_OBJC_ARC = YES;
				CLANG_ENABLE_OBJC_WEAK = YES;
				CLANG_WARN_BLOCK_CAPTURE_AUTORELEASING = YES;
				CLANG_WARN_BOOL_CONVERSION = YES;
				CLANG_WARN_COMMA = YES;
				CLANG_WARN_CONSTANT_CONVERSION = YES;
				CLANG_WARN_DEPRECATED_OBJC_IMPLEMENTATIONS = YES;
				CLANG_WARN_DIRECT_OBJC_ISA_USAGE = YES_ERROR;
				CLANG_WARN_DOCUMENTATION_COMMENTS = YES;
				CLANG_WARN_EMPTY_BODY = YES;
				CLANG_WARN_ENUM_CONVERSION = YES;
				CLANG_WARN_INFINITE_RECURSION = YES;
				CLANG_WARN_INT_CONVERSION = YES;
				CLANG_WARN_NON_LITERAL_NULL_CONVERSION = YES;
				CLANG_WARN_OBJC_IMPLICIT_RETAIN_SELF = YES;
				CLANG_WARN_OBJC_LITERAL_CONVERSION = YES;
				CLANG_WARN_OBJC_ROOT_CLASS = YES_ERROR;
				CLANG_WARN_QUOTED_INCLUDE_IN_FRAMEWORK_HEADER = YES;
				CLANG_WARN_RANGE_LOOP_ANALYSIS = YES;
				CLANG_WARN_STRICT_PROTOTYPES = YES;
				CLANG_WARN_SUSPICIOUS_MOVE = YES;
				CLANG_WARN_UNGUARDED_AVAILABILITY = YES_AGGRESSIVE;
				CLANG_WARN_UNREACHABLE_CODE = YES;
				CLANG_WARN__DUPLICATE_METHOD_MATCH = YES;
				COPY_PHASE_STRIP = NO;
				DEBUG_INFORMATION_FORMAT = dwarf;
				ENABLE_STRICT_OBJC_MSGSEND = YES;
				ENABLE_TESTABILITY = YES;
				GCC_C_LANGUAGE_STANDARD = gnu11;
				GCC_DYNAMIC_NO_PIC = NO;
				GCC_NO_COMMON_BLOCKS = YES;
				GCC_OPTIMIZATION_LEVEL = 0;
				GCC_PREPROCESSOR_DEFINITIONS = (
					"DEBUG=1",
					"$(inherited)",
				);
				GCC_WARN_64_TO_32_BIT_CONVERSION = YES;
				GCC_WARN_ABOUT_RETURN_TYPE = YES_ERROR;
				GCC_WARN_UNDECLARED_SELECTOR = YES;
				GCC_WARN_UNINITIALIZED_AUTOS = YES_AGGRESSIVE;
				GCC_WARN_UNUSED_FUNCTION = YES;
				GCC_WARN_UNUSED_VARIABLE = YES;
				IPHONEOS_DEPLOYMENT_TARGET = 14.1;
				MTL_ENABLE_DEBUG_INFO = INCLUDE_SOURCE;
				MTL_FAST_MATH = YES;
				ONLY_ACTIVE_ARCH = YES;
				SDKROOT = iphoneos;
				SWIFT_ACTIVE_COMPILATION_CONDITIONS = DEBUG;
				SWIFT_OPTIMIZATION_LEVEL = "-Onone";
			};
			name = Debug;
		};
		65A1E2332548DE7B00C92101 /* Release */ = {
			isa = XCBuildConfiguration;
			buildSettings = {
				ALWAYS_SEARCH_USER_PATHS = NO;
				CLANG_ANALYZER_LOCALIZABILITY_NONLOCALIZED = YES;
				CLANG_ANALYZER_NONNULL = YES;
				CLANG_ANALYZER_NUMBER_OBJECT_CONVERSION = YES_AGGRESSIVE;
				CLANG_CXX_LANGUAGE_STANDARD = "gnu++14";
				CLANG_CXX_LIBRARY = "libc++";
				CLANG_ENABLE_MODULES = YES;
				CLANG_ENABLE_OBJC_ARC = YES;
				CLANG_ENABLE_OBJC_WEAK = YES;
				CLANG_WARN_BLOCK_CAPTURE_AUTORELEASING = YES;
				CLANG_WARN_BOOL_CONVERSION = YES;
				CLANG_WARN_COMMA = YES;
				CLANG_WARN_CONSTANT_CONVERSION = YES;
				CLANG_WARN_DEPRECATED_OBJC_IMPLEMENTATIONS = YES;
				CLANG_WARN_DIRECT_OBJC_ISA_USAGE = YES_ERROR;
				CLANG_WARN_DOCUMENTATION_COMMENTS = YES;
				CLANG_WARN_EMPTY_BODY = YES;
				CLANG_WARN_ENUM_CONVERSION = YES;
				CLANG_WARN_INFINITE_RECURSION = YES;
				CLANG_WARN_INT_CONVERSION = YES;
				CLANG_WARN_NON_LITERAL_NULL_CONVERSION = YES;
				CLANG_WARN_OBJC_IMPLICIT_RETAIN_SELF = YES;
				CLANG_WARN_OBJC_LITERAL_CONVERSION = YES;
				CLANG_WARN_OBJC_ROOT_CLASS = YES_ERROR;
				CLANG_WARN_QUOTED_INCLUDE_IN_FRAMEWORK_HEADER = YES;
				CLANG_WARN_RANGE_LOOP_ANALYSIS = YES;
				CLANG_WARN_STRICT_PROTOTYPES = YES;
				CLANG_WARN_SUSPICIOUS_MOVE = YES;
				CLANG_WARN_UNGUARDED_AVAILABILITY = YES_AGGRESSIVE;
				CLANG_WARN_UNREACHABLE_CODE = YES;
				CLANG_WARN__DUPLICATE_METHOD_MATCH = YES;
				COPY_PHASE_STRIP = NO;
				DEBUG_INFORMATION_FORMAT = "dwarf-with-dsym";
				ENABLE_NS_ASSERTIONS = NO;
				ENABLE_STRICT_OBJC_MSGSEND = YES;
				GCC_C_LANGUAGE_STANDARD = gnu11;
				GCC_NO_COMMON_BLOCKS = YES;
				GCC_WARN_64_TO_32_BIT_CONVERSION = YES;
				GCC_WARN_ABOUT_RETURN_TYPE = YES_ERROR;
				GCC_WARN_UNDECLARED_SELECTOR = YES;
				GCC_WARN_UNINITIALIZED_AUTOS = YES_AGGRESSIVE;
				GCC_WARN_UNUSED_FUNCTION = YES;
				GCC_WARN_UNUSED_VARIABLE = YES;
				IPHONEOS_DEPLOYMENT_TARGET = 14.1;
				MTL_ENABLE_DEBUG_INFO = NO;
				MTL_FAST_MATH = YES;
				SDKROOT = iphoneos;
				SWIFT_COMPILATION_MODE = wholemodule;
				SWIFT_OPTIMIZATION_LEVEL = "-O";
				VALIDATE_PRODUCT = YES;
			};
			name = Release;
		};
		65A1E2352548DE7B00C92101 /* Debug */ = {
			isa = XCBuildConfiguration;
			buildSettings = {
				ALWAYS_EMBED_SWIFT_STANDARD_LIBRARIES = YES;
				ASSETCATALOG_COMPILER_APPICON_NAME = AppIcon;
				ASSETCATALOG_COMPILER_GLOBAL_ACCENT_COLOR_NAME = AccentColor;
				CODE_SIGN_ENTITLEMENTS = XYZTodos/XYZTodos.entitlements;
				CODE_SIGN_STYLE = Automatic;
				CURRENT_PROJECT_VERSION = 15;
				DEVELOPMENT_TEAM = BKU6P4Y9G4;
				INFOPLIST_FILE = XYZTodos/Info.plist;
				LD_RUNPATH_SEARCH_PATHS = (
					"$(inherited)",
					"@executable_path/Frameworks",
				);
				MARKETING_VERSION = 2.1;
				PRODUCT_BUNDLE_IDENTIFIER = com.cbHOH.XYZTodos;
				PRODUCT_NAME = "$(TARGET_NAME)";
				SWIFT_VERSION = 5.0;
				TARGETED_DEVICE_FAMILY = "1,2";
			};
			name = Debug;
		};
		65A1E2362548DE7B00C92101 /* Release */ = {
			isa = XCBuildConfiguration;
			buildSettings = {
				ALWAYS_EMBED_SWIFT_STANDARD_LIBRARIES = YES;
				ASSETCATALOG_COMPILER_APPICON_NAME = AppIcon;
				ASSETCATALOG_COMPILER_GLOBAL_ACCENT_COLOR_NAME = AccentColor;
				CODE_SIGN_ENTITLEMENTS = XYZTodos/XYZTodos.entitlements;
				CODE_SIGN_STYLE = Automatic;
				CURRENT_PROJECT_VERSION = 15;
				DEVELOPMENT_TEAM = BKU6P4Y9G4;
				INFOPLIST_FILE = XYZTodos/Info.plist;
				LD_RUNPATH_SEARCH_PATHS = (
					"$(inherited)",
					"@executable_path/Frameworks",
				);
				MARKETING_VERSION = 2.1;
				PRODUCT_BUNDLE_IDENTIFIER = com.cbHOH.XYZTodos;
				PRODUCT_NAME = "$(TARGET_NAME)";
				SWIFT_VERSION = 5.0;
				TARGETED_DEVICE_FAMILY = "1,2";
			};
			name = Release;
		};
/* End XCBuildConfiguration section */

/* Begin XCConfigurationList section */
		652267CD259F9A4A00D954E9 /* Build configuration list for PBXNativeTarget "XYZTodosWidgetExtension" */ = {
			isa = XCConfigurationList;
			buildConfigurations = (
				652267CE259F9A4A00D954E9 /* Debug */,
				652267CF259F9A4A00D954E9 /* Release */,
			);
			defaultConfigurationIsVisible = 0;
			defaultConfigurationName = Release;
		};
		65A1E2022548DE7900C92101 /* Build configuration list for PBXProject "XYZTodos" */ = {
			isa = XCConfigurationList;
			buildConfigurations = (
				65A1E2322548DE7B00C92101 /* Debug */,
				65A1E2332548DE7B00C92101 /* Release */,
			);
			defaultConfigurationIsVisible = 0;
			defaultConfigurationName = Release;
		};
		65A1E2342548DE7B00C92101 /* Build configuration list for PBXNativeTarget "XYZTodos" */ = {
			isa = XCConfigurationList;
			buildConfigurations = (
				65A1E2352548DE7B00C92101 /* Debug */,
				65A1E2362548DE7B00C92101 /* Release */,
			);
			defaultConfigurationIsVisible = 0;
			defaultConfigurationName = Release;
		};
/* End XCConfigurationList section */

/* Begin XCVersionGroup section */
		65A1E2132548DE7900C92101 /* XYZTodos.xcdatamodeld */ = {
			isa = XCVersionGroup;
			children = (
				65A1E2142548DE7900C92101 /* XYZTodos.xcdatamodel */,
			);
			currentVersion = 65A1E2142548DE7900C92101 /* XYZTodos.xcdatamodel */;
			path = XYZTodos.xcdatamodeld;
			sourceTree = "<group>";
			versionGroupType = wrapper.xcdatamodel;
		};
/* End XCVersionGroup section */
	};
	rootObject = 65A1E1FF2548DE7900C92101 /* Project object */;
}
